{
  "version": 4,
  "terraform_version": "0.12.31",
  "serial": 7,
  "lineage": "46c41796-c95a-8f19-ff17-13fde33b71e5",
  "outputs": {
    "aws-vpc_id": {
      "value": [
        {
          "cidr_blocks": [
            "0.0.0.0/0"
          ],
          "description": "Port 443",
          "from_port": 443,
          "ipv6_cidr_blocks": [],
          "prefix_list_ids": [],
          "protocol": "tcp",
          "security_groups": [],
          "self": false,
          "to_port": 443
        },
        {
          "cidr_blocks": [
            "0.0.0.0/0"
          ],
          "description": "Port 80",
          "from_port": 80,
          "ipv6_cidr_blocks": [],
          "prefix_list_ids": [],
          "protocol": "tcp",
          "security_groups": [],
          "self": false,
          "to_port": 80
        }
      ],
      "type": [
        "set",
        [
          "object",
          {
            "cidr_blocks": [
              "list",
              "string"
            ],
            "description": "string",
            "from_port": "number",
            "ipv6_cidr_blocks": [
              "list",
              "string"
            ],
            "prefix_list_ids": [
              "list",
              "string"
            ],
            "protocol": "string",
            "security_groups": [
              "set",
              "string"
            ],
            "self": "bool",
            "to_port": "number"
          }
        ]
      ]
    }
  },
  "resources": [
    {
      "mode": "data",
      "type": "aws_vpc",
      "name": "main",
      "provider": "provider.aws",
      "instances": [
        {
          "schema_version": 0,
          "attributes": {
            "arn": "arn:aws:ec2:us-east-2:176951223124:vpc/vpc-0ba4369f41902c696",
            "cidr_block": "172.31.0.0/16",
            "cidr_block_associations": [
              {
                "association_id": "vpc-cidr-assoc-0bc7128717795e94b",
                "cidr_block": "172.31.0.0/16",
                "state": "associated"
              }
            ],
            "default": true,
            "dhcp_options_id": "dopt-012126d0bc7268033",
            "enable_dns_hostnames": true,
            "enable_dns_support": true,
            "filter": null,
            "id": "vpc-0ba4369f41902c696",
            "instance_tenancy": "default",
            "ipv6_association_id": null,
            "ipv6_cidr_block": null,
            "main_route_table_id": "rtb-0520df7161d0e4ab4",
            "owner_id": "176951223124",
            "state": "available",
            "tags": {}
          }
        }
      ]
    },
    {
      "mode": "managed",
      "type": "aws_security_group",
      "name": "main",
      "provider": "provider.aws",
      "instances": [
        {
          "schema_version": 1,
          "attributes": {
            "arn": "arn:aws:ec2:us-east-2:176951223124:security-group/sg-08e63bbd49a69d860",
            "description": "Managed by Terraform",
            "egress": [],
            "id": "sg-08e63bbd49a69d860",
            "ingress": [
              {
                "cidr_blocks": [
                  "0.0.0.0/0"
                ],
                "description": "Port 443",
                "from_port": 443,
                "ipv6_cidr_blocks": [],
                "prefix_list_ids": [],
                "protocol": "tcp",
                "security_groups": [],
                "self": false,
                "to_port": 443
              },
              {
                "cidr_blocks": [
                  "0.0.0.0/0"
                ],
                "description": "Port 80",
                "from_port": 80,
                "ipv6_cidr_blocks": [],
                "prefix_list_ids": [],
                "protocol": "tcp",
                "security_groups": [],
                "self": false,
                "to_port": 80
              }
            ],
            "name": "demo-sg",
            "name_prefix": "",
            "owner_id": "176951223124",
            "revoke_rules_on_delete": false,
            "tags": null,
            "tags_all": {},
            "timeouts": null,
            "vpc_id": "vpc-0ba4369f41902c696"
          },
          "private": "eyJlMmJmYjczMC1lY2FhLTExZTYtOGY4OC0zNDM2M2JjN2M0YzAiOnsiY3JlYXRlIjo2MDAwMDAwMDAwMDAsImRlbGV0ZSI6OTAwMDAwMDAwMDAwfSwic2NoZW1hX3ZlcnNpb24iOiIxIn0="
        }
      ]
    }
  ]
}
